
Microsoft Visual Studio Solution File, Format Version 12.00
# Visual Studio 14
VisualStudioVersion = 14.0.25420.1
MinimumVisualStudioVersion = 10.0.40219.1
Project("{E24C65DC-7377-472B-9ABA-BC803B73C61A}") = "dis", "..\..\WebSites\dis\", "{975B4BE8-C936-420A-BD3F-E047CB83C9D8}"
	ProjectSection(WebsiteProperties) = preProject
		TargetFrameworkMoniker = ".NETFramework,Version%3Dv4.5.2"
		Debug.AspNetCompiler.VirtualPath = "/localhost_50562"
		Debug.AspNetCompiler.PhysicalPath = "..\..\WebSites\dis\"
		Debug.AspNetCompiler.TargetPath = "PrecompiledWeb\localhost_50562\"
		Debug.AspNetCompiler.Updateable = "true"
		Debug.AspNetCompiler.ForceOverwrite = "true"
		Debug.AspNetCompiler.FixedNames = "false"
		Debug.AspNetCompiler.Debug = "True"
		Release.AspNetCompiler.VirtualPath = "/localhost_50562"
		Release.AspNetCompiler.PhysicalPath = "..\..\WebSites\dis\"
		Release.AspNetCompiler.TargetPath = "PrecompiledWeb\localhost_50562\"
		Release.AspNetCompiler.Updateable = "true"
		Release.AspNetCompiler.ForceOverwrite = "true"
		Release.AspNetCompiler.FixedNames = "false"
		Release.AspNetCompiler.Debug = "False"
		VWDPort = "50562"
		SlnRelativePath = "..\..\WebSites\dis\"
		DefaultWebSiteLanguage = "Visual C#"
	EndProjectSection
EndProject
Global
	GlobalSection(SolutionConfigurationPlatforms) = preSolution
		Debug|Any CPU = Debug|Any CPU
	EndGlobalSection
	GlobalSection(ProjectConfigurationPlatforms) = postSolution
		{975B4BE8-C936-420A-BD3F-E047CB83C9D8}.Debug|Any CPU.ActiveCfg = Debug|Any CPU
		{975B4BE8-C936-420A-BD3F-E047CB83C9D8}.Debug|Any CPU.Build.0 = Debug|Any CPU
	EndGlobalSection
	GlobalSection(SolutionProperties) = preSolution
		HideSolutionNode = FALSE
	EndGlobalSection
EndGlobal
